
Microsoft Visual Studio Solution File, Format Version 12.00
# Visual Studio Version 17
VisualStudioVersion = 17.9.34902.65
MinimumVisualStudioVersion = 10.0.40219.1
Project("{FAE04EC0-301F-11D3-BF4B-00C04F79EFBC}") = "EsercitazioneVerifica", "EsercitazioneVerifica\EsercitazioneVerifica.csproj", "{9BFFE6CC-E06D-4254-A2CD-6482815B2205}"
EndProject
Global
	GlobalSection(SolutionConfigurationPlatforms) = preSolution
		Debug|Any CPU = Debug|Any CPU
		Release|Any CPU = Release|Any CPU
	EndGlobalSection
	GlobalSection(ProjectConfigurationPlatforms) = postSolution
		{9BFFE6CC-E06D-4254-A2CD-6482815B2205}.Debug|Any CPU.ActiveCfg = Debug|Any CPU
		{9BFFE6CC-E06D-4254-A2CD-6482815B2205}.Debug|Any CPU.Build.0 = Debug|Any CPU
		{9BFFE6CC-E06D-4254-A2CD-6482815B2205}.Release|Any CPU.ActiveCfg = Release|Any CPU
		{9BFFE6CC-E06D-4254-A2CD-6482815B2205}.Release|Any CPU.Build.0 = Release|Any CPU
	EndGlobalSection
	GlobalSection(SolutionProperties) = preSolution
		HideSolutionNode = FALSE
	EndGlobalSection
	GlobalSection(ExtensibilityGlobals) = postSolution
		SolutionGuid = {A937903C-2A24-4AF5-9C3A-E122F0BC7202}
	EndGlobalSection
EndGlobal
